
Microsoft Visual Studio Solution File, Format Version 12.00
Project("{FAE04EC0-301F-11D3-BF4B-00C04F79EFBC}") = "ShareTracking", "ShareTracking\ShareTracking.csproj", "{EC3F71DB-39BB-4D86-9AC6-A0F3C72D2CBB}"
EndProject
Global
	GlobalSection(SolutionConfigurationPlatforms) = preSolution
		Debug|Any CPU = Debug|Any CPU
		Release|Any CPU = Release|Any CPU
	EndGlobalSection
	GlobalSection(ProjectConfigurationPlatforms) = postSolution
		{EC3F71DB-39BB-4D86-9AC6-A0F3C72D2CBB}.Debug|Any CPU.ActiveCfg = Debug|Any CPU
		{EC3F71DB-39BB-4D86-9AC6-A0F3C72D2CBB}.Debug|Any CPU.Build.0 = Debug|Any CPU
		{EC3F71DB-39BB-4D86-9AC6-A0F3C72D2CBB}.Release|Any CPU.ActiveCfg = Release|Any CPU
		{EC3F71DB-39BB-4D86-9AC6-A0F3C72D2CBB}.Release|Any CPU.Build.0 = Release|Any CPU
	EndGlobalSection
EndGlobal
